<?xml version="1.0" encoding="utf-8"?>
<Project ToolsVersion="4.0" xmlns="http://schemas.microsoft.com/developer/msbuild/2003">
  <ItemGroup>
    <Filter Include="Source Files">
      <UniqueIdentifier>{4FC737F1-C7A5-4376-A066-2A32D752A2FF}</UniqueIdentifier>
      <Extensions>cpp;c;cc;cxx;c++;cppm;ixx;def;odl;idl;hpj;bat;asm;asmx</Extensions>
    </Filter>
    <Filter Include="Header Files">
      <UniqueIdentifier>{93995380-89BD-4b04-88EB-625FBE52EBFB}</UniqueIdentifier>
      <Extensions>h;hh;hpp;hxx;h++;hm;inl;inc;ipp;xsd</Extensions>
    </Filter>
    <Filter Include="Resource Files">
      <UniqueIdentifier>{67DA6AB6-F800-4c08-8B7A-83BB121AAD01}</UniqueIdentifier>
      <Extensions>rc;ico;cur;bmp;dlg;rc2;rct;bin;rgs;gif;jpg;jpeg;jpe;resx;tiff;tif;png;wav;mfcribbon-ms</Extensions>
    </Filter>
    <Filter Include="Source Files\math">
      <UniqueIdentifier>{8b1f4123-12f7-4036-b270-b78c7ad38e71}</UniqueIdentifier>
    </Filter>
    <Filter Include="Source Files\imgui">
      <UniqueIdentifier>{b9f71552-1ede-4977-ab9b-b6977577c4f4}</UniqueIdentifier>
    </Filter>
    <Filter Include="Source Files\imgui\include">
      <UniqueIdentifier>{b385177c-f6a4-4464-9f0e-a98db8e05a49}</UniqueIdentifier>
    </Filter>
    <Filter Include="Source Files\imgui\src">
      <UniqueIdentifier>{f73001fe-c589-43ba-b88d-7c0411ab97bd}</UniqueIdentifier>
    </Filter>
    <Filter Include="Source Files\shaders">
      <UniqueIdentifier>{65d30a0d-a930-4f8b-92c2-144a72027899}</UniqueIdentifier>
    </Filter>
  </ItemGroup>
  <ItemGroup>
    <ClCompile Include="main.cpp">
      <Filter>Source Files</Filter>
    </ClCompile>
    <ClCompile Include="ext\glad\src\glad.c">
      <Filter>Source Files</Filter>
    </ClCompile>
    <ClCompile Include="vao.cpp">
      <Filter>Source Files</Filter>
    </ClCompile>
    <ClCompile Include="vbo.cpp">
      <Filter>Source Files</Filter>
    </ClCompile>
    <ClCompile Include="ebo.cpp">
      <Filter>Source Files</Filter>
    </ClCompile>
    <ClCompile Include="shaderProgram.cpp">
      <Filter>Source Files</Filter>
    </ClCompile>
    <ClCompile Include="ext\imgui\imgui.cpp">
      <Filter>Source Files\imgui\src</Filter>
    </ClCompile>
    <ClCompile Include="ext\imgui\imgui_demo.cpp">
      <Filter>Source Files\imgui\src</Filter>
    </ClCompile>
    <ClCompile Include="ext\imgui\imgui_draw.cpp">
      <Filter>Source Files\imgui\src</Filter>
    </ClCompile>
    <ClCompile Include="ext\imgui\imgui_impl_opengl3.cpp">
      <Filter>Source Files\imgui\src</Filter>
    </ClCompile>
    <ClCompile Include="ext\imgui\imgui_impl_sdl.cpp">
      <Filter>Source Files\imgui\src</Filter>
    </ClCompile>
    <ClCompile Include="ext\imgui\imgui_tables.cpp">
      <Filter>Source Files\imgui\src</Filter>
    </ClCompile>
    <ClCompile Include="ext\imgui\imgui_widgets.cpp">
      <Filter>Source Files\imgui\src</Filter>
    </ClCompile>
    <ClCompile Include="cube.cpp">
      <Filter>Source Files</Filter>
    </ClCompile>
    <ClCompile Include="camera.cpp">
      <Filter>Source Files</Filter>
    </ClCompile>
    <ClCompile Include="input.cpp">
      <Filter>Source Files</Filter>
    </ClCompile>
    <ClCompile Include="boxCollider.cpp">
      <Filter>Source Files</Filter>
    </ClCompile>
    <ClCompile Include="lin_alg_helper.cpp">
      <Filter>Source Files\math</Filter>
    </ClCompile>
    <ClCompile Include="cubeEditor.cpp">
      <Filter>Source Files</Filter>
    </ClCompile>
    <ClCompile Include="cameraEditor.cpp">
      <Filter>Source Files</Filter>
    </ClCompile>
    <ClCompile Include="arrow.cpp">
      <Filter>Source Files</Filter>
    </ClCompile>
    <ClCompile Include="grid.cpp">
      <Filter>Source Files</Filter>
    </ClCompile>
    <ClCompile Include="stb_image.cpp">
      <Filter>Source Files</Filter>
    </ClCompile>
  </ItemGroup>
  <ItemGroup>
    <ClInclude Include="vao.h">
      <Filter>Source Files</Filter>
    </ClInclude>
    <ClInclude Include="vbo.h">
      <Filter>Source Files</Filter>
    </ClInclude>
    <ClInclude Include="ebo.h">
      <Filter>Source Files</Filter>
    </ClInclude>
    <ClInclude Include="shaderProgram.h">
      <Filter>Source Files</Filter>
    </ClInclude>
    <ClInclude Include="ext\imgui\imconfig.h">
      <Filter>Source Files\imgui\include</Filter>
    </ClInclude>
    <ClInclude Include="ext\imgui\imgui.h">
      <Filter>Source Files\imgui\include</Filter>
    </ClInclude>
    <ClInclude Include="ext\imgui\imgui_impl_opengl3.h">
      <Filter>Source Files\imgui\include</Filter>
    </ClInclude>
    <ClInclude Include="ext\imgui\imgui_impl_opengl3_loader.h">
      <Filter>Source Files\imgui\include</Filter>
    </ClInclude>
    <ClInclude Include="ext\imgui\imgui_impl_sdl.h">
      <Filter>Source Files\imgui\include</Filter>
    </ClInclude>
    <ClInclude Include="ext\imgui\imgui_internal.h">
      <Filter>Source Files\imgui\include</Filter>
    </ClInclude>
    <ClInclude Include="ext\imgui\imstb_rectpack.h">
      <Filter>Source Files\imgui\include</Filter>
    </ClInclude>
    <ClInclude Include="ext\imgui\imstb_textedit.h">
      <Filter>Source Files\imgui\include</Filter>
    </ClInclude>
    <ClInclude Include="ext\imgui\imstb_truetype.h">
      <Filter>Source Files\imgui\include</Filter>
    </ClInclude>
    <ClInclude Include="cube.h">
      <Filter>Source Files</Filter>
    </ClInclude>
    <ClInclude Include="camera.h">
      <Filter>Source Files</Filter>
    </ClInclude>
    <ClInclude Include="input.h">
      <Filter>Source Files</Filter>
    </ClInclude>
    <ClInclude Include="boxCollider.h">
      <Filter>Source Files</Filter>
    </ClInclude>
    <ClInclude Include="lin_alg_helper.h">
      <Filter>Source Files\math</Filter>
    </ClInclude>
    <ClInclude Include="cubeEditor.h">
      <Filter>Source Files</Filter>
    </ClInclude>
    <ClInclude Include="cameraEditor.h">
      <Filter>Source Files</Filter>
    </ClInclude>
    <ClInclude Include="arrow.h">
      <Filter>Source Files</Filter>
    </ClInclude>
    <ClInclude Include="ray.h">
      <Filter>Source Files\math</Filter>
    </ClInclude>
    <ClInclude Include="transform.h">
      <Filter>Source Files</Filter>
    </ClInclude>
    <ClInclude Include="grid.h">
      <Filter>Source Files</Filter>
    </ClInclude>
    <ClInclude Include="stb_image.h">
      <Filter>Source Files</Filter>
    </ClInclude>
  </ItemGroup>
  <ItemGroup>
    <None Include="fragmentShader.frag">
      <Filter>Source Files\shaders</Filter>
    </None>
    <None Include="outline.vert">
      <Filter>Source Files\shaders</Filter>
    </None>
    <None Include="outline.frag">
      <Filter>Source Files\shaders</Filter>
    </None>
    <None Include="vertexShader.vert">
      <Filter>Source Files\shaders</Filter>
    </None>
    <None Include="transparent.frag">
      <Filter>Source Files\shaders</Filter>
    </None>
    <None Include="arrow.vert">
      <Filter>Source Files\shaders</Filter>
    </None>
    <None Include="arrow.frag">
      <Filter>Source Files\shaders</Filter>
    </None>
    <None Include="boxCollider.vert">
      <Filter>Source Files\shaders</Filter>
    </None>
    <None Include="cubeArea.vert">
      <Filter>Source Files\shaders</Filter>
    </None>
    <None Include="cubeArea.frag">
      <Filter>Source Files\shaders</Filter>
    </None>
  </ItemGroup>
</Project>