<?xml version="1.0" encoding="utf-8"?>
<Project ToolsVersion="4.0" xmlns="http://schemas.microsoft.com/developer/msbuild/2003">
  <ItemGroup>
    <Filter Include="Source Files">
      <UniqueIdentifier>{4FC737F1-C7A5-4376-A066-2A32D752A2FF}</UniqueIdentifier>
      <Extensions>cpp;c;cc;cxx;c++;cppm;ixx;def;odl;idl;hpj;bat;asm;asmx</Extensions>
    </Filter>
    <Filter Include="Header Files">
      <UniqueIdentifier>{93995380-89BD-4b04-88EB-625FBE52EBFB}</UniqueIdentifier>
      <Extensions>h;hh;hpp;hxx;h++;hm;inl;inc;ipp;xsd</Extensions>
    </Filter>
    <Filter Include="Resource Files">
      <UniqueIdentifier>{67DA6AB6-F800-4c08-8B7A-83BB121AAD01}</UniqueIdentifier>
      <Extensions>rc;ico;cur;bmp;dlg;rc2;rct;bin;rgs;gif;jpg;jpeg;jpe;resx;tiff;tif;png;wav;mfcribbon-ms</Extensions>
    </Filter>
    <Filter Include="Source Files\math">
      <UniqueIdentifier>{8b1f4123-12f7-4036-b270-b78c7ad38e71}</UniqueIdentifier>
    </Filter>
    <Filter Include="Source Files\imgui">
      <UniqueIdentifier>{b9f71552-1ede-4977-ab9b-b6977577c4f4}</UniqueIdentifier>
    </Filter>
    <Filter Include="Source Files\imgui\include">
      <UniqueIdentifier>{b385177c-f6a4-4464-9f0e-a98db8e05a49}</UniqueIdentifier>
    </Filter>
    <Filter Include="Source Files\imgui\src">
      <UniqueIdentifier>{f73001fe-c589-43ba-b88d-7c0411ab97bd}</UniqueIdentifier>
    </Filter>
    <Filter Include="Source Files\shaders">
      <UniqueIdentifier>{65d30a0d-a930-4f8b-92c2-144a72027899}</UniqueIdentifier>
    </Filter>
    <Filter Include="Source Files\renderer">
      <UniqueIdentifier>{f2948326-219b-49af-b7d0-40bd99d56a2c}</UniqueIdentifier>
    </Filter>
    <Filter Include="Source Files\physics">
      <UniqueIdentifier>{cce0035a-a55c-42e5-99dc-b5808beca75c}</UniqueIdentifier>
    </Filter>
    <Filter Include="Source Files\input">
      <UniqueIdentifier>{b96a33a0-d46d-4c3b-a443-37a0c7b2178c}</UniqueIdentifier>
    </Filter>
    <Filter Include="Source Files\glad">
      <UniqueIdentifier>{7dc2660b-5a19-4a4a-9f36-4a61c6273ee2}</UniqueIdentifier>
    </Filter>
    <Filter Include="Source Files\stb">
      <UniqueIdentifier>{aa47590b-e27f-4b17-bda6-3ae82a7e9fc2}</UniqueIdentifier>
    </Filter>
    <Filter Include="Source Files\window">
      <UniqueIdentifier>{c9d84d82-7f8e-412e-8b24-11b5d0508e00}</UniqueIdentifier>
    </Filter>
  </ItemGroup>
  <ItemGroup>
    <ClCompile Include="main.cpp">
      <Filter>Source Files</Filter>
    </ClCompile>
    <ClCompile Include="ext\imgui\imgui.cpp">
      <Filter>Source Files\imgui\src</Filter>
    </ClCompile>
    <ClCompile Include="ext\imgui\imgui_demo.cpp">
      <Filter>Source Files\imgui\src</Filter>
    </ClCompile>
    <ClCompile Include="ext\imgui\imgui_draw.cpp">
      <Filter>Source Files\imgui\src</Filter>
    </ClCompile>
    <ClCompile Include="ext\imgui\imgui_impl_opengl3.cpp">
      <Filter>Source Files\imgui\src</Filter>
    </ClCompile>
    <ClCompile Include="ext\imgui\imgui_impl_sdl.cpp">
      <Filter>Source Files\imgui\src</Filter>
    </ClCompile>
    <ClCompile Include="ext\imgui\imgui_tables.cpp">
      <Filter>Source Files\imgui\src</Filter>
    </ClCompile>
    <ClCompile Include="ext\imgui\imgui_widgets.cpp">
      <Filter>Source Files\imgui\src</Filter>
    </ClCompile>
    <ClCompile Include="cube.cpp">
      <Filter>Source Files</Filter>
    </ClCompile>
    <ClCompile Include="cubeEditor.cpp">
      <Filter>Source Files</Filter>
    </ClCompile>
    <ClCompile Include="cameraEditor.cpp">
      <Filter>Source Files</Filter>
    </ClCompile>
    <ClCompile Include="arrow.cpp">
      <Filter>Source Files</Filter>
    </ClCompile>
    <ClCompile Include="grid.cpp">
      <Filter>Source Files</Filter>
    </ClCompile>
    <ClCompile Include="debugCube.cpp">
      <Filter>Source Files</Filter>
    </ClCompile>
    <ClCompile Include="modeManager.cpp">
      <Filter>Source Files</Filter>
    </ClCompile>
    <ClCompile Include="math\linAlgHelper.cpp">
      <Filter>Source Files\math</Filter>
    </ClCompile>
    <ClCompile Include="renderer\camera.cpp">
      <Filter>Source Files\renderer</Filter>
    </ClCompile>
    <ClCompile Include="renderer\ebo.cpp">
      <Filter>Source Files\renderer</Filter>
    </ClCompile>
    <ClCompile Include="renderer\texture.cpp">
      <Filter>Source Files\renderer</Filter>
    </ClCompile>
    <ClCompile Include="renderer\vao.cpp">
      <Filter>Source Files\renderer</Filter>
    </ClCompile>
    <ClCompile Include="renderer\vbo.cpp">
      <Filter>Source Files\renderer</Filter>
    </ClCompile>
    <ClCompile Include="renderer\shaderProgram.cpp">
      <Filter>Source Files\renderer</Filter>
    </ClCompile>
    <ClCompile Include="renderer\renderer.cpp">
      <Filter>Source Files\renderer</Filter>
    </ClCompile>
    <ClCompile Include="physics\boxCollider.cpp">
      <Filter>Source Files\physics</Filter>
    </ClCompile>
    <ClCompile Include="input\input.cpp">
      <Filter>Source Files\input</Filter>
    </ClCompile>
    <ClCompile Include="ext\glad\src\glad.c">
      <Filter>Source Files\glad</Filter>
    </ClCompile>
    <ClCompile Include="ext\stb\stb_image.cpp">
      <Filter>Source Files\stb</Filter>
    </ClCompile>
    <ClCompile Include="window\window.cpp">
      <Filter>Source Files\window</Filter>
    </ClCompile>
    <ClCompile Include="application.cpp">
      <Filter>Source Files</Filter>
    </ClCompile>
    <ClCompile Include="issuesEditor.cpp">
      <Filter>Source Files</Filter>
    </ClCompile>
    <ClCompile Include="renderer\line.cpp">
      <Filter>Source Files\renderer</Filter>
    </ClCompile>
  </ItemGroup>
  <ItemGroup>
    <ClInclude Include="ext\imgui\imconfig.h">
      <Filter>Source Files\imgui\include</Filter>
    </ClInclude>
    <ClInclude Include="ext\imgui\imgui.h">
      <Filter>Source Files\imgui\include</Filter>
    </ClInclude>
    <ClInclude Include="ext\imgui\imgui_impl_opengl3.h">
      <Filter>Source Files\imgui\include</Filter>
    </ClInclude>
    <ClInclude Include="ext\imgui\imgui_impl_opengl3_loader.h">
      <Filter>Source Files\imgui\include</Filter>
    </ClInclude>
    <ClInclude Include="ext\imgui\imgui_impl_sdl.h">
      <Filter>Source Files\imgui\include</Filter>
    </ClInclude>
    <ClInclude Include="ext\imgui\imgui_internal.h">
      <Filter>Source Files\imgui\include</Filter>
    </ClInclude>
    <ClInclude Include="ext\imgui\imstb_rectpack.h">
      <Filter>Source Files\imgui\include</Filter>
    </ClInclude>
    <ClInclude Include="ext\imgui\imstb_textedit.h">
      <Filter>Source Files\imgui\include</Filter>
    </ClInclude>
    <ClInclude Include="ext\imgui\imstb_truetype.h">
      <Filter>Source Files\imgui\include</Filter>
    </ClInclude>
    <ClInclude Include="cube.h">
      <Filter>Source Files</Filter>
    </ClInclude>
    <ClInclude Include="cubeEditor.h">
      <Filter>Source Files</Filter>
    </ClInclude>
    <ClInclude Include="cameraEditor.h">
      <Filter>Source Files</Filter>
    </ClInclude>
    <ClInclude Include="arrow.h">
      <Filter>Source Files</Filter>
    </ClInclude>
    <ClInclude Include="transform.h">
      <Filter>Source Files</Filter>
    </ClInclude>
    <ClInclude Include="grid.h">
      <Filter>Source Files</Filter>
    </ClInclude>
    <ClInclude Include="debugCube.h">
      <Filter>Source Files</Filter>
    </ClInclude>
    <ClInclude Include="modeManager.h">
      <Filter>Source Files</Filter>
    </ClInclude>
    <ClInclude Include="math\linAlgHelper.h">
      <Filter>Source Files\math</Filter>
    </ClInclude>
    <ClInclude Include="math\ray.h">
      <Filter>Source Files\math</Filter>
    </ClInclude>
    <ClInclude Include="renderer\camera.h">
      <Filter>Source Files\renderer</Filter>
    </ClInclude>
    <ClInclude Include="renderer\ebo.h">
      <Filter>Source Files\renderer</Filter>
    </ClInclude>
    <ClInclude Include="renderer\renderer.h">
      <Filter>Source Files\renderer</Filter>
    </ClInclude>
    <ClInclude Include="renderer\texture.h">
      <Filter>Source Files\renderer</Filter>
    </ClInclude>
    <ClInclude Include="renderer\vao.h">
      <Filter>Source Files\renderer</Filter>
    </ClInclude>
    <ClInclude Include="renderer\vbo.h">
      <Filter>Source Files\renderer</Filter>
    </ClInclude>
    <ClInclude Include="renderer\shaderProgram.h">
      <Filter>Source Files\renderer</Filter>
    </ClInclude>
    <ClInclude Include="physics\boxCollider.h">
      <Filter>Source Files\physics</Filter>
    </ClInclude>
    <ClInclude Include="input\input.h">
      <Filter>Source Files\input</Filter>
    </ClInclude>
    <ClInclude Include="ext\stb\stb_image.h">
      <Filter>Source Files\stb</Filter>
    </ClInclude>
    <ClInclude Include="window\window.h">
      <Filter>Source Files\window</Filter>
    </ClInclude>
    <ClInclude Include="application.h">
      <Filter>Source Files</Filter>
    </ClInclude>
    <ClInclude Include="issuesEditor.h">
      <Filter>Source Files</Filter>
    </ClInclude>
    <ClInclude Include="renderer\line.h">
      <Filter>Source Files\renderer</Filter>
    </ClInclude>
  </ItemGroup>
  <ItemGroup>
    <None Include="shaders\arrow.frag">
      <Filter>Source Files\shaders</Filter>
    </None>
    <None Include="shaders\arrow.vert">
      <Filter>Source Files\shaders</Filter>
    </None>
    <None Include="shaders\boxCollider.vert">
      <Filter>Source Files\shaders</Filter>
    </None>
    <None Include="shaders\cube.frag">
      <Filter>Source Files\shaders</Filter>
    </None>
    <None Include="shaders\cube.vert">
      <Filter>Source Files\shaders</Filter>
    </None>
    <None Include="shaders\grid.frag">
      <Filter>Source Files\shaders</Filter>
    </None>
    <None Include="shaders\grid.vert">
      <Filter>Source Files\shaders</Filter>
    </None>
    <None Include="shaders\outline.frag">
      <Filter>Source Files\shaders</Filter>
    </None>
    <None Include="shaders\outline.vert">
      <Filter>Source Files\shaders</Filter>
    </None>
    <None Include="shaders\transparent.frag">
      <Filter>Source Files\shaders</Filter>
    </None>
    <None Include="shaders\transparent.vert">
      <Filter>Source Files\shaders</Filter>
    </None>
    <None Include="shaders\line.frag">
      <Filter>Source Files\shaders</Filter>
    </None>
    <None Include="shaders\line.vert">
      <Filter>Source Files\shaders</Filter>
    </None>
  </ItemGroup>
</Project>